
Microsoft Visual Studio Solution File, Format Version 12.00
# Visual Studio Version 16
VisualStudioVersion = 16.0.31409.214
MinimumVisualStudioVersion = 10.0.40219.1
Project("{FAE04EC0-301F-11D3-BF4B-00C04F79EFBC}") = "IdenittyExample", "IdenittyExample\IdenittyExample.csproj", "{36136E65-2F28-4C45-A110-F5689A2FDCB8}"
EndProject
Project("{9A19103F-16F7-4668-BE54-9A1E7A4F7556}") = "BasicAuthNew", "BasicAuthNew\BasicAuthNew.csproj", "{35DE01DD-1D1C-4E5F-BA93-42BE757A6AEB}"
EndProject
Project("{2150E333-8FDC-42A3-9474-1A3956D46DE8}") = "basic", "basic", "{C0C0B907-6103-46F7-B136-AF26AEEB8598}"
EndProject
Project("{2150E333-8FDC-42A3-9474-1A3956D46DE8}") = "oauth", "oauth", "{F85EB1AA-18C5-4ABA-B131-629D86307CC0}"
EndProject
Project("{FAE04EC0-301F-11D3-BF4B-00C04F79EFBC}") = "server", "server\server.csproj", "{F90E6C82-2613-4D22-9B94-73BBDFD03A20}"
EndProject
Global
	GlobalSection(SolutionConfigurationPlatforms) = preSolution
		Debug|Any CPU = Debug|Any CPU
		Release|Any CPU = Release|Any CPU
	EndGlobalSection
	GlobalSection(ProjectConfigurationPlatforms) = postSolution
		{36136E65-2F28-4C45-A110-F5689A2FDCB8}.Debug|Any CPU.ActiveCfg = Debug|Any CPU
		{36136E65-2F28-4C45-A110-F5689A2FDCB8}.Debug|Any CPU.Build.0 = Debug|Any CPU
		{36136E65-2F28-4C45-A110-F5689A2FDCB8}.Release|Any CPU.ActiveCfg = Release|Any CPU
		{36136E65-2F28-4C45-A110-F5689A2FDCB8}.Release|Any CPU.Build.0 = Release|Any CPU
		{35DE01DD-1D1C-4E5F-BA93-42BE757A6AEB}.Debug|Any CPU.ActiveCfg = Debug|Any CPU
		{35DE01DD-1D1C-4E5F-BA93-42BE757A6AEB}.Debug|Any CPU.Build.0 = Debug|Any CPU
		{35DE01DD-1D1C-4E5F-BA93-42BE757A6AEB}.Release|Any CPU.ActiveCfg = Release|Any CPU
		{35DE01DD-1D1C-4E5F-BA93-42BE757A6AEB}.Release|Any CPU.Build.0 = Release|Any CPU
		{F90E6C82-2613-4D22-9B94-73BBDFD03A20}.Debug|Any CPU.ActiveCfg = Debug|Any CPU
		{F90E6C82-2613-4D22-9B94-73BBDFD03A20}.Debug|Any CPU.Build.0 = Debug|Any CPU
		{F90E6C82-2613-4D22-9B94-73BBDFD03A20}.Release|Any CPU.ActiveCfg = Release|Any CPU
		{F90E6C82-2613-4D22-9B94-73BBDFD03A20}.Release|Any CPU.Build.0 = Release|Any CPU
	EndGlobalSection
	GlobalSection(SolutionProperties) = preSolution
		HideSolutionNode = FALSE
	EndGlobalSection
	GlobalSection(NestedProjects) = preSolution
		{36136E65-2F28-4C45-A110-F5689A2FDCB8} = {C0C0B907-6103-46F7-B136-AF26AEEB8598}
		{35DE01DD-1D1C-4E5F-BA93-42BE757A6AEB} = {C0C0B907-6103-46F7-B136-AF26AEEB8598}
		{F90E6C82-2613-4D22-9B94-73BBDFD03A20} = {F85EB1AA-18C5-4ABA-B131-629D86307CC0}
	EndGlobalSection
	GlobalSection(ExtensibilityGlobals) = postSolution
		SolutionGuid = {0B46E514-CF17-4537-B3F5-55CAF27F209E}
	EndGlobalSection
EndGlobal
